// !$*UTF8*$!
{
	archiveVersion = 1;
	classes = {
	};
	objectVersion = 50;
	objects = {

/* Begin PBXBuildFile section */
		F144CEE82729E216006BBE08 /* Assets.xcassets in Resources */ = {isa = PBXBuildFile; fileRef = F144CEE72729E216006BBE08 /* Assets.xcassets */; };
		F144CEEF2729E217006BBE08 /* Messages MessagesExtension.appex in Embed App Extensions */ = {isa = PBXBuildFile; fileRef = F144CEEE2729E217006BBE08 /* Messages MessagesExtension.appex */; settings = {ATTRIBUTES = (RemoveHeadersOnCopy, ); }; };
		F144CEF42729E217006BBE08 /* Messages.framework in Frameworks */ = {isa = PBXBuildFile; fileRef = F144CEF32729E217006BBE08 /* Messages.framework */; };
		F144CEF72729E217006BBE08 /* MessagesViewController.swift in Sources */ = {isa = PBXBuildFile; fileRef = F144CEF62729E217006BBE08 /* MessagesViewController.swift */; };
		F144CEFA2729E217006BBE08 /* MainInterface.storyboard in Resources */ = {isa = PBXBuildFile; fileRef = F144CEF82729E217006BBE08 /* MainInterface.storyboard */; };
		F144CEFC2729E225006BBE08 /* Assets.xcassets in Resources */ = {isa = PBXBuildFile; fileRef = F144CEFB2729E225006BBE08 /* Assets.xcassets */; };
/* End PBXBuildFile section */

/* Begin PBXContainerItemProxy section */
		F144CEF02729E217006BBE08 /* PBXContainerItemProxy */ = {
			isa = PBXContainerItemProxy;
			containerPortal = F144CEDE2729E205006BBE08 /* Project object */;
			proxyType = 1;
			remoteGlobalIDString = F144CEED2729E217006BBE08;
			remoteInfo = "Messages MessagesExtension";
		};
/* End PBXContainerItemProxy section */

/* Begin PBXCopyFilesBuildPhase section */
		F144CF032729E226006BBE08 /* Embed App Extensions */ = {
			isa = PBXCopyFilesBuildPhase;
			buildActionMask = 2147483647;
			dstPath = "";
			dstSubfolderSpec = 13;
			files = (
				F144CEEF2729E217006BBE08 /* Messages MessagesExtension.appex in Embed App Extensions */,
			);
			name = "Embed App Extensions";
			runOnlyForDeploymentPostprocessing = 0;
		};
/* End PBXCopyFilesBuildPhase section */

/* Begin PBXFileReference section */
		F144CEE42729E205006BBE08 /* Messages.app */ = {isa = PBXFileReference; explicitFileType = wrapper.application; includeInIndex = 0; path = Messages.app; sourceTree = BUILT_PRODUCTS_DIR; };
		F144CEE72729E216006BBE08 /* Assets.xcassets */ = {isa = PBXFileReference; lastKnownFileType = folder.assetcatalog; path = Assets.xcassets; sourceTree = "<group>"; };
		F144CEE92729E216006BBE08 /* Info.plist */ = {isa = PBXFileReference; lastKnownFileType = text.plist.xml; path = Info.plist; sourceTree = "<group>"; };
		F144CEEE2729E217006BBE08 /* Messages MessagesExtension.appex */ = {isa = PBXFileReference; explicitFileType = "wrapper.app-extension"; includeInIndex = 0; path = "Messages MessagesExtension.appex"; sourceTree = BUILT_PRODUCTS_DIR; };
		F144CEF32729E217006BBE08 /* Messages.framework */ = {isa = PBXFileReference; lastKnownFileType = wrapper.framework; name = Messages.framework; path = System/Library/Frameworks/Messages.framework; sourceTree = SDKROOT; };
		F144CEF62729E217006BBE08 /* MessagesViewController.swift */ = {isa = PBXFileReference; lastKnownFileType = sourcecode.swift; path = MessagesViewController.swift; sourceTree = "<group>"; };
		F144CEF92729E217006BBE08 /* Base */ = {isa = PBXFileReference; lastKnownFileType = file.storyboard; name = Base; path = Base.lproj/MainInterface.storyboard; sourceTree = "<group>"; };
		F144CEFB2729E225006BBE08 /* Assets.xcassets */ = {isa = PBXFileReference; lastKnownFileType = folder.assetcatalog; path = Assets.xcassets; sourceTree = "<group>"; };
		F144CEFD2729E225006BBE08 /* Info.plist */ = {isa = PBXFileReference; lastKnownFileType = text.plist.xml; path = Info.plist; sourceTree = "<group>"; };
/* End PBXFileReference section */

/* Begin PBXFrameworksBuildPhase section */
		F144CEEB2729E217006BBE08 /* Frameworks */ = {
			isa = PBXFrameworksBuildPhase;
			buildActionMask = 2147483647;
			files = (
				F144CEF42729E217006BBE08 /* Messages.framework in Frameworks */,
			);
			runOnlyForDeploymentPostprocessing = 0;
		};
/* End PBXFrameworksBuildPhase section */

/* Begin PBXGroup section */
		F144CEDD2729E205006BBE08 = {
			isa = PBXGroup;
			children = (
				F144CEE62729E205006BBE08 /* Messages */,
				F144CEF52729E217006BBE08 /* Messages MessagesExtension */,
				F144CEF22729E217006BBE08 /* Frameworks */,
				F144CEE52729E205006BBE08 /* Products */,
			);
			sourceTree = "<group>";
		};
		F144CEE52729E205006BBE08 /* Products */ = {
			isa = PBXGroup;
			children = (
				F144CEE42729E205006BBE08 /* Messages.app */,
				F144CEEE2729E217006BBE08 /* Messages MessagesExtension.appex */,
			);
			name = Products;
			sourceTree = "<group>";
		};
		F144CEE62729E205006BBE08 /* Messages */ = {
			isa = PBXGroup;
			children = (
				F144CEE72729E216006BBE08 /* Assets.xcassets */,
				F144CEE92729E216006BBE08 /* Info.plist */,
			);
			path = Messages;
			sourceTree = "<group>";
		};
		F144CEF22729E217006BBE08 /* Frameworks */ = {
			isa = PBXGroup;
			children = (
				F144CEF32729E217006BBE08 /* Messages.framework */,
			);
			name = Frameworks;
			sourceTree = "<group>";
		};
		F144CEF52729E217006BBE08 /* Messages MessagesExtension */ = {
			isa = PBXGroup;
			children = (
				F144CEF62729E217006BBE08 /* MessagesViewController.swift */,
				F144CEF82729E217006BBE08 /* MainInterface.storyboard */,
				F144CEFB2729E225006BBE08 /* Assets.xcassets */,
				F144CEFD2729E225006BBE08 /* Info.plist */,
			);
			path = "Messages MessagesExtension";
			sourceTree = "<group>";
		};
/* End PBXGroup section */

/* Begin PBXNativeTarget section */
		F144CEE32729E205006BBE08 /* Messages */ = {
			isa = PBXNativeTarget;
			buildConfigurationList = F144CF042729E226006BBE08 /* Build configuration list for PBXNativeTarget "Messages" */;
			buildPhases = (
				F144CEE22729E205006BBE08 /* Resources */,
				F144CF032729E226006BBE08 /* Embed App Extensions */,
			);
			buildRules = (
			);
			dependencies = (
				F144CEF12729E217006BBE08 /* PBXTargetDependency */,
			);
			name = Messages;
			productName = Messages;
			productReference = F144CEE42729E205006BBE08 /* Messages.app */;
			productType = "com.apple.product-type.application.messages";
		};
		F144CEED2729E217006BBE08 /* Messages MessagesExtension */ = {
			isa = PBXNativeTarget;
			buildConfigurationList = F144CF002729E226006BBE08 /* Build configuration list for PBXNativeTarget "Messages MessagesExtension" */;
			buildPhases = (
				F144CEEA2729E217006BBE08 /* Sources */,
				F144CEEB2729E217006BBE08 /* Frameworks */,
				F144CEEC2729E217006BBE08 /* Resources */,
			);
			buildRules = (
			);
			dependencies = (
			);
			name = "Messages MessagesExtension";
			productName = "Messages MessagesExtension";
			productReference = F144CEEE2729E217006BBE08 /* Messages MessagesExtension.appex */;
			productType = "com.apple.product-type.app-extension.messages";
		};
/* End PBXNativeTarget section */

/* Begin PBXProject section */
		F144CEDE2729E205006BBE08 /* Project object */ = {
			isa = PBXProject;
			attributes = {
				LastSwiftUpdateCheck = 1240;
				LastUpgradeCheck = 1240;
				TargetAttributes = {
					F144CEE32729E205006BBE08 = {
						CreatedOnToolsVersion = 12.4;
					};
					F144CEED2729E217006BBE08 = {
						CreatedOnToolsVersion = 12.4;
					};
				};
			};
			buildConfigurationList = F144CEE12729E205006BBE08 /* Build configuration list for PBXProject "Messages" */;
			compatibilityVersion = "Xcode 9.3";
			developmentRegion = en;
			hasScannedForEncodings = 0;
			knownRegions = (
				en,
				Base,
			);
			mainGroup = F144CEDD2729E205006BBE08;
			productRefGroup = F144CEE52729E205006BBE08 /* Products */;
			projectDirPath = "";
			projectRoot = "";
			targets = (
				F144CEE32729E205006BBE08 /* Messages */,
				F144CEED2729E217006BBE08 /* Messages MessagesExtension */,
			);
		};
/* End PBXProject section */

/* Begin PBXResourcesBuildPhase section */
		F144CEE22729E205006BBE08 /* Resources */ = {
			isa = PBXResourcesBuildPhase;
			buildActionMask = 2147483647;
			files = (
				F144CEE82729E216006BBE08 /* Assets.xcassets in Resources */,
			);
			runOnlyForDeploymentPostprocessing = 0;
		};
		F144CEEC2729E217006BBE08 /* Resources */ = {
			isa = PBXResourcesBuildPhase;
			buildActionMask = 2147483647;
			files = (
				F144CEFC2729E225006BBE08 /* Assets.xcassets in Resources */,
				F144CEFA2729E217006BBE08 /* MainInterface.storyboard in Resources */,
			);
			runOnlyForDeploymentPostprocessing = 0;
		};
/* End PBXResourcesBuildPhase section */

/* Begin PBXSourcesBuildPhase section */
		F144CEEA2729E217006BBE08 /* Sources */ = {
			isa = PBXSourcesBuildPhase;
			buildActionMask = 2147483647;
			files = (
				F144CEF72729E217006BBE08 /* MessagesViewController.swift in Sources */,
			);
			runOnlyForDeploymentPostprocessing = 0;
		};
/* End PBXSourcesBuildPhase section */

/* Begin PBXTargetDependency section */
		F144CEF12729E217006BBE08 /* PBXTargetDependency */ = {
			isa = PBXTargetDependency;
			target = F144CEED2729E217006BBE08 /* Messages MessagesExtension */;
			targetProxy = F144CEF02729E217006BBE08 /* PBXContainerItemProxy */;
		};
/* End PBXTargetDependency section */

/* Begin PBXVariantGroup section */
		F144CEF82729E217006BBE08 /* MainInterface.storyboard */ = {
			isa = PBXVariantGroup;
			children = (
				F144CEF92729E217006BBE08 /* Base */,
			);
			name = MainInterface.storyboard;
			sourceTree = "<group>";
		};
/* End PBXVariantGroup section */

/* Begin XCBuildConfiguration section */
		F144CEFE2729E225006BBE08 /* Debug */ = {
			isa = XCBuildConfiguration;
			buildSettings = {
				ALWAYS_SEARCH_USER_PATHS = NO;
				CLANG_ANALYZER_NONNULL = YES;
				CLANG_ANALYZER_NUMBER_OBJECT_CONVERSION = YES_AGGRESSIVE;
				CLANG_CXX_LANGUAGE_STANDARD = "gnu++14";
				CLANG_CXX_LIBRARY = "libc++";
				CLANG_ENABLE_MODULES = YES;
				CLANG_ENABLE_OBJC_ARC = YES;
				CLANG_ENABLE_OBJC_WEAK = YES;
				CLANG_WARN_BLOCK_CAPTURE_AUTORELEASING = YES;
				CLANG_WARN_BOOL_CONVERSION = YES;
				CLANG_WARN_COMMA = YES;
				CLANG_WARN_CONSTANT_CONVERSION = YES;
				CLANG_WARN_DEPRECATED_OBJC_IMPLEMENTATIONS = YES;
				CLANG_WARN_DIRECT_OBJC_ISA_USAGE = YES_ERROR;
				CLANG_WARN_DOCUMENTATION_COMMENTS = YES;
				CLANG_WARN_EMPTY_BODY = YES;
				CLANG_WARN_ENUM_CONVERSION = YES;
				CLANG_WARN_INFINITE_RECURSION = YES;
				CLANG_WARN_INT_CONVERSION = YES;
				CLANG_WARN_NON_LITERAL_NULL_CONVERSION = YES;
				CLANG_WARN_OBJC_IMPLICIT_RETAIN_SELF = YES;
				CLANG_WARN_OBJC_LITERAL_CONVERSION = YES;
				CLANG_WARN_OBJC_ROOT_CLASS = YES_ERROR;
				CLANG_WARN_QUOTED_INCLUDE_IN_FRAMEWORK_HEADER = YES;
				CLANG_WARN_RANGE_LOOP_ANALYSIS = YES;
				CLANG_WARN_STRICT_PROTOTYPES = YES;
				CLANG_WARN_SUSPICIOUS_MOVE = YES;
				CLANG_WARN_UNGUARDED_AVAILABILITY = YES_AGGRESSIVE;
				CLANG_WARN_UNREACHABLE_CODE = YES;
				CLANG_WARN__DUPLICATE_METHOD_MATCH = YES;
				COPY_PHASE_STRIP = NO;
				DEBUG_INFORMATION_FORMAT = dwarf;
				ENABLE_STRICT_OBJC_MSGSEND = YES;
				ENABLE_TESTABILITY = YES;
				GCC_C_LANGUAGE_STANDARD = gnu11;
				GCC_DYNAMIC_NO_PIC = NO;
				GCC_NO_COMMON_BLOCKS = YES;
				GCC_OPTIMIZATION_LEVEL = 0;
				GCC_PREPROCESSOR_DEFINITIONS = (
					"DEBUG=1",
					"$(inherited)",
				);
				GCC_WARN_64_TO_32_BIT_CONVERSION = YES;
				GCC_WARN_ABOUT_RETURN_TYPE = YES_ERROR;
				GCC_WARN_UNDECLARED_SELECTOR = YES;
				GCC_WARN_UNINITIALIZED_AUTOS = YES_AGGRESSIVE;
				GCC_WARN_UNUSED_FUNCTION = YES;
				GCC_WARN_UNUSED_VARIABLE = YES;
				IPHONEOS_DEPLOYMENT_TARGET = 14.4;
				MTL_ENABLE_DEBUG_INFO = INCLUDE_SOURCE;
				MTL_FAST_MATH = YES;
				ONLY_ACTIVE_ARCH = YES;
				SDKROOT = iphoneos;
				SWIFT_ACTIVE_COMPILATION_CONDITIONS = DEBUG;
				SWIFT_OPTIMIZATION_LEVEL = "-Onone";
			};
			name = Debug;
		};
		F144CEFF2729E225006BBE08 /* Release */ = {
			isa = XCBuildConfiguration;
			buildSettings = {
				ALWAYS_SEARCH_USER_PATHS = NO;
				CLANG_ANALYZER_NONNULL = YES;
				CLANG_ANALYZER_NUMBER_OBJECT_CONVERSION = YES_AGGRESSIVE;
				CLANG_CXX_LANGUAGE_STANDARD = "gnu++14";
				CLANG_CXX_LIBRARY = "libc++";
				CLANG_ENABLE_MODULES = YES;
				CLANG_ENABLE_OBJC_ARC = YES;
				CLANG_ENABLE_OBJC_WEAK = YES;
				CLANG_WARN_BLOCK_CAPTURE_AUTORELEASING = YES;
				CLANG_WARN_BOOL_CONVERSION = YES;
				CLANG_WARN_COMMA = YES;
				CLANG_WARN_CONSTANT_CONVERSION = YES;
				CLANG_WARN_DEPRECATED_OBJC_IMPLEMENTATIONS = YES;
				CLANG_WARN_DIRECT_OBJC_ISA_USAGE = YES_ERROR;
				CLANG_WARN_DOCUMENTATION_COMMENTS = YES;
				CLANG_WARN_EMPTY_BODY = YES;
				CLANG_WARN_ENUM_CONVERSION = YES;
				CLANG_WARN_INFINITE_RECURSION = YES;
				CLANG_WARN_INT_CONVERSION = YES;
				CLANG_WARN_NON_LITERAL_NULL_CONVERSION = YES;
				CLANG_WARN_OBJC_IMPLICIT_RETAIN_SELF = YES;
				CLANG_WARN_OBJC_LITERAL_CONVERSION = YES;
				CLANG_WARN_OBJC_ROOT_CLASS = YES_ERROR;
				CLANG_WARN_QUOTED_INCLUDE_IN_FRAMEWORK_HEADER = YES;
				CLANG_WARN_RANGE_LOOP_ANALYSIS = YES;
				CLANG_WARN_STRICT_PROTOTYPES = YES;
				CLANG_WARN_SUSPICIOUS_MOVE = YES;
				CLANG_WARN_UNGUARDED_AVAILABILITY = YES_AGGRESSIVE;
				CLANG_WARN_UNREACHABLE_CODE = YES;
				CLANG_WARN__DUPLICATE_METHOD_MATCH = YES;
				COPY_PHASE_STRIP = NO;
				DEBUG_INFORMATION_FORMAT = "dwarf-with-dsym";
				ENABLE_NS_ASSERTIONS = NO;
				ENABLE_STRICT_OBJC_MSGSEND = YES;
				GCC_C_LANGUAGE_STANDARD = gnu11;
				GCC_NO_COMMON_BLOCKS = YES;
				GCC_WARN_64_TO_32_BIT_CONVERSION = YES;
				GCC_WARN_ABOUT_RETURN_TYPE = YES_ERROR;
				GCC_WARN_UNDECLARED_SELECTOR = YES;
				GCC_WARN_UNINITIALIZED_AUTOS = YES_AGGRESSIVE;
				GCC_WARN_UNUSED_FUNCTION = YES;
				GCC_WARN_UNUSED_VARIABLE = YES;
				IPHONEOS_DEPLOYMENT_TARGET = 14.4;
				MTL_ENABLE_DEBUG_INFO = NO;
				MTL_FAST_MATH = YES;
				SDKROOT = iphoneos;
				SWIFT_COMPILATION_MODE = wholemodule;
				SWIFT_OPTIMIZATION_LEVEL = "-O";
				VALIDATE_PRODUCT = YES;
			};
			name = Release;
		};
		F144CF012729E226006BBE08 /* Debug */ = {
			isa = XCBuildConfiguration;
			buildSettings = {
				ASSETCATALOG_COMPILER_APPICON_NAME = "iMessage App Icon";
				CODE_SIGN_STYLE = Automatic;
				DEVELOPMENT_TEAM = 6N8E8DE982;
				INFOPLIST_FILE = "Messages MessagesExtension/Info.plist";
				LD_RUNPATH_SEARCH_PATHS = (
					"$(inherited)",
					"@executable_path/Frameworks",
					"@executable_path/../../Frameworks",
				);
				PRODUCT_BUNDLE_IDENTIFIER = com.alapatt.Messages.MessagesExtension;
				PRODUCT_NAME = "$(TARGET_NAME)";
				SKIP_INSTALL = YES;
				SWIFT_VERSION = 5.0;
				TARGETED_DEVICE_FAMILY = "1,2";
			};
			name = Debug;
		};
		F144CF022729E226006BBE08 /* Release */ = {
			isa = XCBuildConfiguration;
			buildSettings = {
				ASSETCATALOG_COMPILER_APPICON_NAME = "iMessage App Icon";
				CODE_SIGN_STYLE = Automatic;
				DEVELOPMENT_TEAM = 6N8E8DE982;
				INFOPLIST_FILE = "Messages MessagesExtension/Info.plist";
				LD_RUNPATH_SEARCH_PATHS = (
					"$(inherited)",
					"@executable_path/Frameworks",
					"@executable_path/../../Frameworks",
				);
				PRODUCT_BUNDLE_IDENTIFIER = com.alapatt.Messages.MessagesExtension;
				PRODUCT_NAME = "$(TARGET_NAME)";
				SKIP_INSTALL = YES;
				SWIFT_VERSION = 5.0;
				TARGETED_DEVICE_FAMILY = "1,2";
			};
			name = Release;
		};
		F144CF052729E226006BBE08 /* Debug */ = {
			isa = XCBuildConfiguration;
			buildSettings = {
				ALWAYS_EMBED_SWIFT_STANDARD_LIBRARIES = YES;
				ASSETCATALOG_COMPILER_APPICON_NAME = AppIcon;
				CODE_SIGN_STYLE = Automatic;
				DEVELOPMENT_TEAM = 6N8E8DE982;
				INFOPLIST_FILE = Messages/Info.plist;
				PRODUCT_BUNDLE_IDENTIFIER = com.alapatt.Messages;
				PRODUCT_NAME = "$(TARGET_NAME)";
				SWIFT_VERSION = 5.0;
				TARGETED_DEVICE_FAMILY = "1,2";
			};
			name = Debug;
		};
		F144CF062729E226006BBE08 /* Release */ = {
			isa = XCBuildConfiguration;
			buildSettings = {
				ALWAYS_EMBED_SWIFT_STANDARD_LIBRARIES = YES;
				ASSETCATALOG_COMPILER_APPICON_NAME = AppIcon;
				CODE_SIGN_STYLE = Automatic;
				DEVELOPMENT_TEAM = 6N8E8DE982;
				INFOPLIST_FILE = Messages/Info.plist;
				PRODUCT_BUNDLE_IDENTIFIER = com.alapatt.Messages;
				PRODUCT_NAME = "$(TARGET_NAME)";
				SWIFT_VERSION = 5.0;
				TARGETED_DEVICE_FAMILY = "1,2";
			};
			name = Release;
		};
/* End XCBuildConfiguration section */

/* Begin XCConfigurationList section */
		F144CEE12729E205006BBE08 /* Build configuration list for PBXProject "Messages" */ = {
			isa = XCConfigurationList;
			buildConfigurations = (
				F144CEFE2729E225006BBE08 /* Debug */,
				F144CEFF2729E225006BBE08 /* Release */,
			);
			defaultConfigurationIsVisible = 0;
			defaultConfigurationName = Release;
		};
		F144CF002729E226006BBE08 /* Build configuration list for PBXNativeTarget "Messages MessagesExtension" */ = {
			isa = XCConfigurationList;
			buildConfigurations = (
				F144CF012729E226006BBE08 /* Debug */,
				F144CF022729E226006BBE08 /* Release */,
			);
			defaultConfigurationIsVisible = 0;
			defaultConfigurationName = Release;
		};
		F144CF042729E226006BBE08 /* Build configuration list for PBXNativeTarget "Messages" */ = {
			isa = XCConfigurationList;
			buildConfigurations = (
				F144CF052729E226006BBE08 /* Debug */,
				F144CF062729E226006BBE08 /* Release */,
			);
			defaultConfigurationIsVisible = 0;
			defaultConfigurationName = Release;
		};
/* End XCConfigurationList section */
	};
	rootObject = F144CEDE2729E205006BBE08 /* Project object */;
}
